
Microsoft Visual Studio Solution File, Format Version 12.00
# Visual Studio Version 17
VisualStudioVersion = 17.3.32929.385
MinimumVisualStudioVersion = 10.0.40219.1
Project("{2150E333-8FDC-42A3-9474-1A3956D46DE8}") = "Solution Items", "Solution Items", "{64EAAC81-91A2-499B-AAC2-2EAA170394A0}"
	ProjectSection(SolutionItems) = preProject
		LocalTestRun.testrunconfig = LocalTestRun.testrunconfig
		MultipleHash.vsmdi = MultipleHash.vsmdi
	EndProjectSection
EndProject
Project("{FAE04EC0-301F-11D3-BF4B-00C04F79EFBC}") = "MultipleHash2008", "MultipleHash2008\MultipleHash2008.csproj", "{91357D4A-5718-44B2-B558-5EB7BA1209D0}"
EndProject
Project("{FAE04EC0-301F-11D3-BF4B-00C04F79EFBC}") = "MultipleHash2008Test", "MultipleHash2008Test\MultipleHash2008Test.csproj", "{BA117407-08B1-494E-928D-15D4C826D44A}"
EndProject
Project("{FAE04EC0-301F-11D3-BF4B-00C04F79EFBC}") = "MultipleHash2012", "MultipleHash2012\MultipleHash2012.csproj", "{F6B36D24-DB6D-4B97-A626-FD8FB30D8C29}"
EndProject
Project("{930C7802-8A8C-48F9-8165-68863BCCD9DD}") = "MultipleHashInstallerx64", "MultipleHashInstallerx64\MultipleHashInstallerx64.wixproj", "{DB44C2DC-B971-457B-B133-D189A6A9DE2F}"
	ProjectSection(ProjectDependencies) = postProject
		{78B71A48-B996-4111-9D9A-72F370832B7C} = {78B71A48-B996-4111-9D9A-72F370832B7C}
	EndProjectSection
EndProject
Project("{930C7802-8A8C-48F9-8165-68863BCCD9DD}") = "MultipleHashInstallerx32", "MultipleHashInstallerx32\MultipleHashInstallerx32.wixproj", "{E267DF72-54B3-45B0-AF08-00DBB749C5E7}"
	ProjectSection(ProjectDependencies) = postProject
		{78B71A48-B996-4111-9D9A-72F370832B7C} = {78B71A48-B996-4111-9D9A-72F370832B7C}
	EndProjectSection
EndProject
Project("{FAE04EC0-301F-11D3-BF4B-00C04F79EFBC}") = "MultipleHashUnitTest", "MultipleHash2012Test\MultipleHashUnitTest.csproj", "{07AF96F5-2C35-40AA-AC63-1295756DC3AB}"
EndProject
Project("{FAE04EC0-301F-11D3-BF4B-00C04F79EFBC}") = "MultipleHash2014", "MultipleHash2014\MultipleHash2014.csproj", "{718F92DF-9DB3-4D2F-AF88-7F7579F0A82D}"
EndProject
Project("{FAE04EC0-301F-11D3-BF4B-00C04F79EFBC}") = "MultipleHash2016", "MultipleHash2016\MultipleHash2016.csproj", "{A68C0A66-357A-4650-B2BB-F52C50E0F743}"
EndProject
Project("{FAE04EC0-301F-11D3-BF4B-00C04F79EFBC}") = "MultipleHash2017", "MultipleHash2017\MultipleHash2017.csproj", "{7ED8D146-A24B-44D2-A8C6-B566434033DC}"
EndProject
Project("{FAE04EC0-301F-11D3-BF4B-00C04F79EFBC}") = "MultipleHash2019", "MultipleHash2019\MultipleHash2019.csproj", "{78B71A48-B996-4111-9D9A-72F370832B7C}"
EndProject
Project("{FAE04EC0-301F-11D3-BF4B-00C04F79EFBC}") = "MultipleHash2022", "MultipleHash2022\MultipleHash2022.csproj", "{F7695D80-56E7-4719-B27D-2DF8EBE58BDE}"
EndProject
Global
	GlobalSection(SolutionConfigurationPlatforms) = preSolution
		Debug|Any CPU = Debug|Any CPU
		Debug|Mixed Platforms = Debug|Mixed Platforms
		Debug|x86 = Debug|x86
		Development|Any CPU = Development|Any CPU
		Development|Mixed Platforms = Development|Mixed Platforms
		Development|x86 = Development|x86
		Release|Any CPU = Release|Any CPU
		Release|Mixed Platforms = Release|Mixed Platforms
		Release|x86 = Release|x86
		UnitTest|Any CPU = UnitTest|Any CPU
		UnitTest|Mixed Platforms = UnitTest|Mixed Platforms
		UnitTest|x86 = UnitTest|x86
	EndGlobalSection
	GlobalSection(ProjectConfigurationPlatforms) = postSolution
		{91357D4A-5718-44B2-B558-5EB7BA1209D0}.Debug|Any CPU.ActiveCfg = Debug|Any CPU
		{91357D4A-5718-44B2-B558-5EB7BA1209D0}.Debug|Any CPU.Build.0 = Debug|Any CPU
		{91357D4A-5718-44B2-B558-5EB7BA1209D0}.Debug|Mixed Platforms.ActiveCfg = Debug|Any CPU
		{91357D4A-5718-44B2-B558-5EB7BA1209D0}.Debug|Mixed Platforms.Build.0 = Debug|Any CPU
		{91357D4A-5718-44B2-B558-5EB7BA1209D0}.Debug|x86.ActiveCfg = Debug|Any CPU
		{91357D4A-5718-44B2-B558-5EB7BA1209D0}.Development|Any CPU.ActiveCfg = Debug|Any CPU
		{91357D4A-5718-44B2-B558-5EB7BA1209D0}.Development|Any CPU.Build.0 = Debug|Any CPU
		{91357D4A-5718-44B2-B558-5EB7BA1209D0}.Development|Mixed Platforms.ActiveCfg = Debug|Any CPU
		{91357D4A-5718-44B2-B558-5EB7BA1209D0}.Development|Mixed Platforms.Build.0 = Debug|Any CPU
		{91357D4A-5718-44B2-B558-5EB7BA1209D0}.Development|x86.ActiveCfg = Debug|Any CPU
		{91357D4A-5718-44B2-B558-5EB7BA1209D0}.Release|Any CPU.ActiveCfg = Release|Any CPU
		{91357D4A-5718-44B2-B558-5EB7BA1209D0}.Release|Any CPU.Build.0 = Release|Any CPU
		{91357D4A-5718-44B2-B558-5EB7BA1209D0}.Release|Mixed Platforms.ActiveCfg = Release|Any CPU
		{91357D4A-5718-44B2-B558-5EB7BA1209D0}.Release|Mixed Platforms.Build.0 = Release|Any CPU
		{91357D4A-5718-44B2-B558-5EB7BA1209D0}.Release|x86.ActiveCfg = Release|Any CPU
		{91357D4A-5718-44B2-B558-5EB7BA1209D0}.UnitTest|Any CPU.ActiveCfg = UnitTest|Any CPU
		{91357D4A-5718-44B2-B558-5EB7BA1209D0}.UnitTest|Any CPU.Build.0 = UnitTest|Any CPU
		{91357D4A-5718-44B2-B558-5EB7BA1209D0}.UnitTest|Mixed Platforms.ActiveCfg = Debug|Any CPU
		{91357D4A-5718-44B2-B558-5EB7BA1209D0}.UnitTest|x86.ActiveCfg = UnitTest|Any CPU
		{BA117407-08B1-494E-928D-15D4C826D44A}.Debug|Any CPU.ActiveCfg = Debug|Any CPU
		{BA117407-08B1-494E-928D-15D4C826D44A}.Debug|Any CPU.Build.0 = Debug|Any CPU
		{BA117407-08B1-494E-928D-15D4C826D44A}.Debug|Mixed Platforms.ActiveCfg = Debug|Any CPU
		{BA117407-08B1-494E-928D-15D4C826D44A}.Debug|x86.ActiveCfg = Debug|Any CPU
		{BA117407-08B1-494E-928D-15D4C826D44A}.Development|Any CPU.ActiveCfg = Debug|Any CPU
		{BA117407-08B1-494E-928D-15D4C826D44A}.Development|Any CPU.Build.0 = Debug|Any CPU
		{BA117407-08B1-494E-928D-15D4C826D44A}.Development|Mixed Platforms.ActiveCfg = Debug|Any CPU
		{BA117407-08B1-494E-928D-15D4C826D44A}.Development|x86.ActiveCfg = Debug|Any CPU
		{BA117407-08B1-494E-928D-15D4C826D44A}.Release|Any CPU.ActiveCfg = Release|Any CPU
		{BA117407-08B1-494E-928D-15D4C826D44A}.Release|Mixed Platforms.ActiveCfg = Release|Any CPU
		{BA117407-08B1-494E-928D-15D4C826D44A}.Release|x86.ActiveCfg = Release|Any CPU
		{BA117407-08B1-494E-928D-15D4C826D44A}.UnitTest|Any CPU.ActiveCfg = UnitTest|Any CPU
		{BA117407-08B1-494E-928D-15D4C826D44A}.UnitTest|Any CPU.Build.0 = UnitTest|Any CPU
		{BA117407-08B1-494E-928D-15D4C826D44A}.UnitTest|Mixed Platforms.ActiveCfg = Debug|Any CPU
		{BA117407-08B1-494E-928D-15D4C826D44A}.UnitTest|x86.ActiveCfg = UnitTest|Any CPU
		{F6B36D24-DB6D-4B97-A626-FD8FB30D8C29}.Debug|Any CPU.ActiveCfg = Debug|Any CPU
		{F6B36D24-DB6D-4B97-A626-FD8FB30D8C29}.Debug|Any CPU.Build.0 = Debug|Any CPU
		{F6B36D24-DB6D-4B97-A626-FD8FB30D8C29}.Debug|Mixed Platforms.ActiveCfg = Debug|Any CPU
		{F6B36D24-DB6D-4B97-A626-FD8FB30D8C29}.Debug|Mixed Platforms.Build.0 = Debug|Any CPU
		{F6B36D24-DB6D-4B97-A626-FD8FB30D8C29}.Debug|x86.ActiveCfg = Debug|Any CPU
		{F6B36D24-DB6D-4B97-A626-FD8FB30D8C29}.Development|Any CPU.ActiveCfg = Debug|Any CPU
		{F6B36D24-DB6D-4B97-A626-FD8FB30D8C29}.Development|Any CPU.Build.0 = Debug|Any CPU
		{F6B36D24-DB6D-4B97-A626-FD8FB30D8C29}.Development|Mixed Platforms.ActiveCfg = Debug|Any CPU
		{F6B36D24-DB6D-4B97-A626-FD8FB30D8C29}.Development|Mixed Platforms.Build.0 = Debug|Any CPU
		{F6B36D24-DB6D-4B97-A626-FD8FB30D8C29}.Development|x86.ActiveCfg = Debug|Any CPU
		{F6B36D24-DB6D-4B97-A626-FD8FB30D8C29}.Release|Any CPU.ActiveCfg = Release|Any CPU
		{F6B36D24-DB6D-4B97-A626-FD8FB30D8C29}.Release|Any CPU.Build.0 = Release|Any CPU
		{F6B36D24-DB6D-4B97-A626-FD8FB30D8C29}.Release|Mixed Platforms.ActiveCfg = Release|Any CPU
		{F6B36D24-DB6D-4B97-A626-FD8FB30D8C29}.Release|Mixed Platforms.Build.0 = Release|Any CPU
		{F6B36D24-DB6D-4B97-A626-FD8FB30D8C29}.Release|x86.ActiveCfg = Release|Any CPU
		{F6B36D24-DB6D-4B97-A626-FD8FB30D8C29}.UnitTest|Any CPU.ActiveCfg = UnitTest|Any CPU
		{F6B36D24-DB6D-4B97-A626-FD8FB30D8C29}.UnitTest|Mixed Platforms.ActiveCfg = Debug|Any CPU
		{F6B36D24-DB6D-4B97-A626-FD8FB30D8C29}.UnitTest|x86.ActiveCfg = UnitTest|Any CPU
		{DB44C2DC-B971-457B-B133-D189A6A9DE2F}.Debug|Any CPU.ActiveCfg = Debug|x86
		{DB44C2DC-B971-457B-B133-D189A6A9DE2F}.Debug|Mixed Platforms.ActiveCfg = Debug|x86
		{DB44C2DC-B971-457B-B133-D189A6A9DE2F}.Debug|x86.ActiveCfg = Debug|x86
		{DB44C2DC-B971-457B-B133-D189A6A9DE2F}.Debug|x86.Build.0 = Debug|x86
		{DB44C2DC-B971-457B-B133-D189A6A9DE2F}.Development|Any CPU.ActiveCfg = Debug|x86
		{DB44C2DC-B971-457B-B133-D189A6A9DE2F}.Development|Mixed Platforms.ActiveCfg = Debug|x86
		{DB44C2DC-B971-457B-B133-D189A6A9DE2F}.Development|x86.ActiveCfg = Debug|x86
		{DB44C2DC-B971-457B-B133-D189A6A9DE2F}.Development|x86.Build.0 = Debug|x86
		{DB44C2DC-B971-457B-B133-D189A6A9DE2F}.Release|Any CPU.ActiveCfg = Release|x86
		{DB44C2DC-B971-457B-B133-D189A6A9DE2F}.Release|Mixed Platforms.ActiveCfg = Release|x86
		{DB44C2DC-B971-457B-B133-D189A6A9DE2F}.Release|Mixed Platforms.Build.0 = Release|x86
		{DB44C2DC-B971-457B-B133-D189A6A9DE2F}.Release|x86.ActiveCfg = Release|x86
		{DB44C2DC-B971-457B-B133-D189A6A9DE2F}.Release|x86.Build.0 = Release|x86
		{DB44C2DC-B971-457B-B133-D189A6A9DE2F}.UnitTest|Any CPU.ActiveCfg = Release|x86
		{DB44C2DC-B971-457B-B133-D189A6A9DE2F}.UnitTest|Mixed Platforms.ActiveCfg = Debug|x86
		{DB44C2DC-B971-457B-B133-D189A6A9DE2F}.UnitTest|x86.ActiveCfg = Release|x86
		{DB44C2DC-B971-457B-B133-D189A6A9DE2F}.UnitTest|x86.Build.0 = Release|x86
		{E267DF72-54B3-45B0-AF08-00DBB749C5E7}.Debug|Any CPU.ActiveCfg = Debug|x86
		{E267DF72-54B3-45B0-AF08-00DBB749C5E7}.Debug|Mixed Platforms.ActiveCfg = Debug|x86
		{E267DF72-54B3-45B0-AF08-00DBB749C5E7}.Debug|x86.ActiveCfg = Debug|x86
		{E267DF72-54B3-45B0-AF08-00DBB749C5E7}.Debug|x86.Build.0 = Debug|x86
		{E267DF72-54B3-45B0-AF08-00DBB749C5E7}.Development|Any CPU.ActiveCfg = Debug|x86
		{E267DF72-54B3-45B0-AF08-00DBB749C5E7}.Development|Mixed Platforms.ActiveCfg = Debug|x86
		{E267DF72-54B3-45B0-AF08-00DBB749C5E7}.Development|x86.ActiveCfg = Debug|x86
		{E267DF72-54B3-45B0-AF08-00DBB749C5E7}.Development|x86.Build.0 = Debug|x86
		{E267DF72-54B3-45B0-AF08-00DBB749C5E7}.Release|Any CPU.ActiveCfg = Release|x86
		{E267DF72-54B3-45B0-AF08-00DBB749C5E7}.Release|Mixed Platforms.ActiveCfg = Release|x86
		{E267DF72-54B3-45B0-AF08-00DBB749C5E7}.Release|Mixed Platforms.Build.0 = Release|x86
		{E267DF72-54B3-45B0-AF08-00DBB749C5E7}.Release|x86.ActiveCfg = Release|x86
		{E267DF72-54B3-45B0-AF08-00DBB749C5E7}.Release|x86.Build.0 = Release|x86
		{E267DF72-54B3-45B0-AF08-00DBB749C5E7}.UnitTest|Any CPU.ActiveCfg = Release|x86
		{E267DF72-54B3-45B0-AF08-00DBB749C5E7}.UnitTest|Mixed Platforms.ActiveCfg = Debug|x86
		{E267DF72-54B3-45B0-AF08-00DBB749C5E7}.UnitTest|x86.ActiveCfg = Release|x86
		{E267DF72-54B3-45B0-AF08-00DBB749C5E7}.UnitTest|x86.Build.0 = Release|x86
		{07AF96F5-2C35-40AA-AC63-1295756DC3AB}.Debug|Any CPU.ActiveCfg = Debug|Any CPU
		{07AF96F5-2C35-40AA-AC63-1295756DC3AB}.Debug|Any CPU.Build.0 = Debug|Any CPU
		{07AF96F5-2C35-40AA-AC63-1295756DC3AB}.Debug|Mixed Platforms.ActiveCfg = Debug|Any CPU
		{07AF96F5-2C35-40AA-AC63-1295756DC3AB}.Debug|Mixed Platforms.Build.0 = Debug|Any CPU
		{07AF96F5-2C35-40AA-AC63-1295756DC3AB}.Debug|x86.ActiveCfg = Debug|Any CPU
		{07AF96F5-2C35-40AA-AC63-1295756DC3AB}.Development|Any CPU.ActiveCfg = Debug|Any CPU
		{07AF96F5-2C35-40AA-AC63-1295756DC3AB}.Development|Any CPU.Build.0 = Debug|Any CPU
		{07AF96F5-2C35-40AA-AC63-1295756DC3AB}.Development|Mixed Platforms.ActiveCfg = Debug|Any CPU
		{07AF96F5-2C35-40AA-AC63-1295756DC3AB}.Development|Mixed Platforms.Build.0 = Debug|Any CPU
		{07AF96F5-2C35-40AA-AC63-1295756DC3AB}.Development|x86.ActiveCfg = Debug|Any CPU
		{07AF96F5-2C35-40AA-AC63-1295756DC3AB}.Release|Any CPU.ActiveCfg = Release|Any CPU
		{07AF96F5-2C35-40AA-AC63-1295756DC3AB}.Release|Any CPU.Build.0 = Release|Any CPU
		{07AF96F5-2C35-40AA-AC63-1295756DC3AB}.Release|Mixed Platforms.ActiveCfg = Release|Any CPU
		{07AF96F5-2C35-40AA-AC63-1295756DC3AB}.Release|x86.ActiveCfg = Release|Any CPU
		{07AF96F5-2C35-40AA-AC63-1295756DC3AB}.UnitTest|Any CPU.ActiveCfg = Release|Any CPU
		{07AF96F5-2C35-40AA-AC63-1295756DC3AB}.UnitTest|Any CPU.Build.0 = Release|Any CPU
		{07AF96F5-2C35-40AA-AC63-1295756DC3AB}.UnitTest|Mixed Platforms.ActiveCfg = UnitTest|Any CPU
		{07AF96F5-2C35-40AA-AC63-1295756DC3AB}.UnitTest|Mixed Platforms.Build.0 = UnitTest|Any CPU
		{07AF96F5-2C35-40AA-AC63-1295756DC3AB}.UnitTest|x86.ActiveCfg = Release|Any CPU
		{718F92DF-9DB3-4D2F-AF88-7F7579F0A82D}.Debug|Any CPU.ActiveCfg = Debug|Any CPU
		{718F92DF-9DB3-4D2F-AF88-7F7579F0A82D}.Debug|Any CPU.Build.0 = Debug|Any CPU
		{718F92DF-9DB3-4D2F-AF88-7F7579F0A82D}.Debug|Mixed Platforms.ActiveCfg = Debug|Any CPU
		{718F92DF-9DB3-4D2F-AF88-7F7579F0A82D}.Debug|Mixed Platforms.Build.0 = Debug|Any CPU
		{718F92DF-9DB3-4D2F-AF88-7F7579F0A82D}.Debug|x86.ActiveCfg = Debug|Any CPU
		{718F92DF-9DB3-4D2F-AF88-7F7579F0A82D}.Development|Any CPU.ActiveCfg = Debug|Any CPU
		{718F92DF-9DB3-4D2F-AF88-7F7579F0A82D}.Development|Any CPU.Build.0 = Debug|Any CPU
		{718F92DF-9DB3-4D2F-AF88-7F7579F0A82D}.Development|Mixed Platforms.ActiveCfg = Debug|Any CPU
		{718F92DF-9DB3-4D2F-AF88-7F7579F0A82D}.Development|Mixed Platforms.Build.0 = Debug|Any CPU
		{718F92DF-9DB3-4D2F-AF88-7F7579F0A82D}.Development|x86.ActiveCfg = Debug|Any CPU
		{718F92DF-9DB3-4D2F-AF88-7F7579F0A82D}.Release|Any CPU.ActiveCfg = Release|Any CPU
		{718F92DF-9DB3-4D2F-AF88-7F7579F0A82D}.Release|Any CPU.Build.0 = Release|Any CPU
		{718F92DF-9DB3-4D2F-AF88-7F7579F0A82D}.Release|Mixed Platforms.ActiveCfg = Release|Any CPU
		{718F92DF-9DB3-4D2F-AF88-7F7579F0A82D}.Release|Mixed Platforms.Build.0 = Release|Any CPU
		{718F92DF-9DB3-4D2F-AF88-7F7579F0A82D}.Release|x86.ActiveCfg = Release|Any CPU
		{718F92DF-9DB3-4D2F-AF88-7F7579F0A82D}.UnitTest|Any CPU.ActiveCfg = Release|Any CPU
		{718F92DF-9DB3-4D2F-AF88-7F7579F0A82D}.UnitTest|Any CPU.Build.0 = Release|Any CPU
		{718F92DF-9DB3-4D2F-AF88-7F7579F0A82D}.UnitTest|Mixed Platforms.ActiveCfg = Debug|Any CPU
		{718F92DF-9DB3-4D2F-AF88-7F7579F0A82D}.UnitTest|x86.ActiveCfg = Release|Any CPU
		{A68C0A66-357A-4650-B2BB-F52C50E0F743}.Debug|Any CPU.ActiveCfg = Debug|Any CPU
		{A68C0A66-357A-4650-B2BB-F52C50E0F743}.Debug|Any CPU.Build.0 = Debug|Any CPU
		{A68C0A66-357A-4650-B2BB-F52C50E0F743}.Debug|Mixed Platforms.ActiveCfg = Debug|Any CPU
		{A68C0A66-357A-4650-B2BB-F52C50E0F743}.Debug|Mixed Platforms.Build.0 = Debug|Any CPU
		{A68C0A66-357A-4650-B2BB-F52C50E0F743}.Debug|x86.ActiveCfg = Debug|Any CPU
		{A68C0A66-357A-4650-B2BB-F52C50E0F743}.Development|Any CPU.ActiveCfg = Debug|Any CPU
		{A68C0A66-357A-4650-B2BB-F52C50E0F743}.Development|Any CPU.Build.0 = Debug|Any CPU
		{A68C0A66-357A-4650-B2BB-F52C50E0F743}.Development|Mixed Platforms.ActiveCfg = Debug|Any CPU
		{A68C0A66-357A-4650-B2BB-F52C50E0F743}.Development|Mixed Platforms.Build.0 = Debug|Any CPU
		{A68C0A66-357A-4650-B2BB-F52C50E0F743}.Development|x86.ActiveCfg = Debug|Any CPU
		{A68C0A66-357A-4650-B2BB-F52C50E0F743}.Release|Any CPU.ActiveCfg = Release|Any CPU
		{A68C0A66-357A-4650-B2BB-F52C50E0F743}.Release|Any CPU.Build.0 = Release|Any CPU
		{A68C0A66-357A-4650-B2BB-F52C50E0F743}.Release|Mixed Platforms.ActiveCfg = Release|Any CPU
		{A68C0A66-357A-4650-B2BB-F52C50E0F743}.Release|Mixed Platforms.Build.0 = Release|Any CPU
		{A68C0A66-357A-4650-B2BB-F52C50E0F743}.Release|x86.ActiveCfg = Release|Any CPU
		{A68C0A66-357A-4650-B2BB-F52C50E0F743}.UnitTest|Any CPU.ActiveCfg = Release|Any CPU
		{A68C0A66-357A-4650-B2BB-F52C50E0F743}.UnitTest|Any CPU.Build.0 = Release|Any CPU
		{A68C0A66-357A-4650-B2BB-F52C50E0F743}.UnitTest|Mixed Platforms.ActiveCfg = UnitTest|Any CPU
		{A68C0A66-357A-4650-B2BB-F52C50E0F743}.UnitTest|Mixed Platforms.Build.0 = UnitTest|Any CPU
		{A68C0A66-357A-4650-B2BB-F52C50E0F743}.UnitTest|x86.ActiveCfg = Release|Any CPU
		{7ED8D146-A24B-44D2-A8C6-B566434033DC}.Debug|Any CPU.ActiveCfg = Debug|Any CPU
		{7ED8D146-A24B-44D2-A8C6-B566434033DC}.Debug|Any CPU.Build.0 = Debug|Any CPU
		{7ED8D146-A24B-44D2-A8C6-B566434033DC}.Debug|Mixed Platforms.ActiveCfg = Debug|Any CPU
		{7ED8D146-A24B-44D2-A8C6-B566434033DC}.Debug|Mixed Platforms.Build.0 = Debug|Any CPU
		{7ED8D146-A24B-44D2-A8C6-B566434033DC}.Debug|x86.ActiveCfg = Debug|Any CPU
		{7ED8D146-A24B-44D2-A8C6-B566434033DC}.Development|Any CPU.ActiveCfg = Debug|Any CPU
		{7ED8D146-A24B-44D2-A8C6-B566434033DC}.Development|Any CPU.Build.0 = Debug|Any CPU
		{7ED8D146-A24B-44D2-A8C6-B566434033DC}.Development|Mixed Platforms.ActiveCfg = Debug|Any CPU
		{7ED8D146-A24B-44D2-A8C6-B566434033DC}.Development|Mixed Platforms.Build.0 = Debug|Any CPU
		{7ED8D146-A24B-44D2-A8C6-B566434033DC}.Development|x86.ActiveCfg = Debug|Any CPU
		{7ED8D146-A24B-44D2-A8C6-B566434033DC}.Release|Any CPU.ActiveCfg = Release|Any CPU
		{7ED8D146-A24B-44D2-A8C6-B566434033DC}.Release|Any CPU.Build.0 = Release|Any CPU
		{7ED8D146-A24B-44D2-A8C6-B566434033DC}.Release|Mixed Platforms.ActiveCfg = Release|Any CPU
		{7ED8D146-A24B-44D2-A8C6-B566434033DC}.Release|Mixed Platforms.Build.0 = Release|Any CPU
		{7ED8D146-A24B-44D2-A8C6-B566434033DC}.Release|x86.ActiveCfg = Release|Any CPU
		{7ED8D146-A24B-44D2-A8C6-B566434033DC}.UnitTest|Any CPU.ActiveCfg = Release|Any CPU
		{7ED8D146-A24B-44D2-A8C6-B566434033DC}.UnitTest|Any CPU.Build.0 = Release|Any CPU
		{7ED8D146-A24B-44D2-A8C6-B566434033DC}.UnitTest|Mixed Platforms.ActiveCfg = UnitTest|Any CPU
		{7ED8D146-A24B-44D2-A8C6-B566434033DC}.UnitTest|Mixed Platforms.Build.0 = UnitTest|Any CPU
		{7ED8D146-A24B-44D2-A8C6-B566434033DC}.UnitTest|x86.ActiveCfg = Release|Any CPU
		{78B71A48-B996-4111-9D9A-72F370832B7C}.Debug|Any CPU.ActiveCfg = Debug|Any CPU
		{78B71A48-B996-4111-9D9A-72F370832B7C}.Debug|Any CPU.Build.0 = Debug|Any CPU
		{78B71A48-B996-4111-9D9A-72F370832B7C}.Debug|Mixed Platforms.ActiveCfg = Debug|Any CPU
		{78B71A48-B996-4111-9D9A-72F370832B7C}.Debug|Mixed Platforms.Build.0 = Debug|Any CPU
		{78B71A48-B996-4111-9D9A-72F370832B7C}.Debug|x86.ActiveCfg = Debug|Any CPU
		{78B71A48-B996-4111-9D9A-72F370832B7C}.Debug|x86.Build.0 = Debug|Any CPU
		{78B71A48-B996-4111-9D9A-72F370832B7C}.Development|Any CPU.ActiveCfg = Debug|Any CPU
		{78B71A48-B996-4111-9D9A-72F370832B7C}.Development|Any CPU.Build.0 = Debug|Any CPU
		{78B71A48-B996-4111-9D9A-72F370832B7C}.Development|Mixed Platforms.ActiveCfg = Debug|Any CPU
		{78B71A48-B996-4111-9D9A-72F370832B7C}.Development|Mixed Platforms.Build.0 = Debug|Any CPU
		{78B71A48-B996-4111-9D9A-72F370832B7C}.Development|x86.ActiveCfg = Debug|Any CPU
		{78B71A48-B996-4111-9D9A-72F370832B7C}.Development|x86.Build.0 = Debug|Any CPU
		{78B71A48-B996-4111-9D9A-72F370832B7C}.Release|Any CPU.ActiveCfg = Release|Any CPU
		{78B71A48-B996-4111-9D9A-72F370832B7C}.Release|Any CPU.Build.0 = Release|Any CPU
		{78B71A48-B996-4111-9D9A-72F370832B7C}.Release|Mixed Platforms.ActiveCfg = Release|Any CPU
		{78B71A48-B996-4111-9D9A-72F370832B7C}.Release|Mixed Platforms.Build.0 = Release|Any CPU
		{78B71A48-B996-4111-9D9A-72F370832B7C}.Release|x86.ActiveCfg = Release|Any CPU
		{78B71A48-B996-4111-9D9A-72F370832B7C}.Release|x86.Build.0 = Release|Any CPU
		{78B71A48-B996-4111-9D9A-72F370832B7C}.UnitTest|Any CPU.ActiveCfg = Debug|Any CPU
		{78B71A48-B996-4111-9D9A-72F370832B7C}.UnitTest|Any CPU.Build.0 = Debug|Any CPU
		{78B71A48-B996-4111-9D9A-72F370832B7C}.UnitTest|Mixed Platforms.ActiveCfg = Debug|Any CPU
		{78B71A48-B996-4111-9D9A-72F370832B7C}.UnitTest|Mixed Platforms.Build.0 = Debug|Any CPU
		{78B71A48-B996-4111-9D9A-72F370832B7C}.UnitTest|x86.ActiveCfg = Debug|Any CPU
		{78B71A48-B996-4111-9D9A-72F370832B7C}.UnitTest|x86.Build.0 = Debug|Any CPU
		{F7695D80-56E7-4719-B27D-2DF8EBE58BDE}.Debug|Any CPU.ActiveCfg = Debug|Any CPU
		{F7695D80-56E7-4719-B27D-2DF8EBE58BDE}.Debug|Any CPU.Build.0 = Debug|Any CPU
		{F7695D80-56E7-4719-B27D-2DF8EBE58BDE}.Debug|Mixed Platforms.ActiveCfg = Debug|Any CPU
		{F7695D80-56E7-4719-B27D-2DF8EBE58BDE}.Debug|Mixed Platforms.Build.0 = Debug|Any CPU
		{F7695D80-56E7-4719-B27D-2DF8EBE58BDE}.Debug|x86.ActiveCfg = Debug|Any CPU
		{F7695D80-56E7-4719-B27D-2DF8EBE58BDE}.Debug|x86.Build.0 = Debug|Any CPU
		{F7695D80-56E7-4719-B27D-2DF8EBE58BDE}.Development|Any CPU.ActiveCfg = Debug|Any CPU
		{F7695D80-56E7-4719-B27D-2DF8EBE58BDE}.Development|Any CPU.Build.0 = Debug|Any CPU
		{F7695D80-56E7-4719-B27D-2DF8EBE58BDE}.Development|Mixed Platforms.ActiveCfg = Debug|Any CPU
		{F7695D80-56E7-4719-B27D-2DF8EBE58BDE}.Development|Mixed Platforms.Build.0 = Debug|Any CPU
		{F7695D80-56E7-4719-B27D-2DF8EBE58BDE}.Development|x86.ActiveCfg = Debug|Any CPU
		{F7695D80-56E7-4719-B27D-2DF8EBE58BDE}.Development|x86.Build.0 = Debug|Any CPU
		{F7695D80-56E7-4719-B27D-2DF8EBE58BDE}.Release|Any CPU.ActiveCfg = Release|Any CPU
		{F7695D80-56E7-4719-B27D-2DF8EBE58BDE}.Release|Any CPU.Build.0 = Release|Any CPU
		{F7695D80-56E7-4719-B27D-2DF8EBE58BDE}.Release|Mixed Platforms.ActiveCfg = Release|Any CPU
		{F7695D80-56E7-4719-B27D-2DF8EBE58BDE}.Release|Mixed Platforms.Build.0 = Release|Any CPU
		{F7695D80-56E7-4719-B27D-2DF8EBE58BDE}.Release|x86.ActiveCfg = Release|Any CPU
		{F7695D80-56E7-4719-B27D-2DF8EBE58BDE}.Release|x86.Build.0 = Release|Any CPU
		{F7695D80-56E7-4719-B27D-2DF8EBE58BDE}.UnitTest|Any CPU.ActiveCfg = UnitTest|Any CPU
		{F7695D80-56E7-4719-B27D-2DF8EBE58BDE}.UnitTest|Any CPU.Build.0 = UnitTest|Any CPU
		{F7695D80-56E7-4719-B27D-2DF8EBE58BDE}.UnitTest|Mixed Platforms.ActiveCfg = UnitTest|Any CPU
		{F7695D80-56E7-4719-B27D-2DF8EBE58BDE}.UnitTest|Mixed Platforms.Build.0 = UnitTest|Any CPU
		{F7695D80-56E7-4719-B27D-2DF8EBE58BDE}.UnitTest|x86.ActiveCfg = UnitTest|Any CPU
		{F7695D80-56E7-4719-B27D-2DF8EBE58BDE}.UnitTest|x86.Build.0 = UnitTest|Any CPU
	EndGlobalSection
	GlobalSection(SolutionProperties) = preSolution
		HideSolutionNode = FALSE
	EndGlobalSection
	GlobalSection(ExtensibilityGlobals) = postSolution
		SolutionGuid = {60CDBEC4-228D-4247-9D1A-B2BB7C7C2AD1}
	EndGlobalSection
	GlobalSection(AutomaticVersions) = postSolution
		UpdateAssemblyVersion = True
		UpdateAssemblyFileVersion = True
		UpdateAssemblyInfoVersion = True
		AdvancedSettingsExpanded = True
		AssemblyVersionSettings = None.None.None.None
		AssemblyFileVersionSettings = None.None.None.None
		AssemblyInfoVersionSettings = None.None.None.None
		UpdatePackageVersion = False
		AssemblyInfoVersionType = SettingsVersion
		InheritWinAppVersionFrom = None
	EndGlobalSection
	GlobalSection(Performance) = preSolution
		HasPerformanceSessions = true
	EndGlobalSection
	GlobalSection(Performance) = preSolution
		HasPerformanceSessions = true
	EndGlobalSection
	GlobalSection(Performance) = preSolution
		HasPerformanceSessions = true
	EndGlobalSection
	GlobalSection(Performance) = preSolution
		HasPerformanceSessions = true
	EndGlobalSection
	GlobalSection(Performance) = preSolution
		HasPerformanceSessions = true
	EndGlobalSection
	GlobalSection(TestCaseManagementSettings) = postSolution
		CategoryFile = MultipleHash.vsmdi
	EndGlobalSection
EndGlobal
