
Microsoft Visual Studio Solution File, Format Version 12.00
# Visual Studio 2013
VisualStudioVersion = 12.0.40629.0
MinimumVisualStudioVersion = 10.0.40219.1
Project("{2150E333-8FDC-42A3-9474-1A3956D46DE8}") = "Solution Items", "Solution Items", "{64EAAC81-91A2-499B-AAC2-2EAA170394A0}"
	ProjectSection(SolutionItems) = preProject
		LocalTestRun.testrunconfig = LocalTestRun.testrunconfig
		MultipleHash.vsmdi = MultipleHash.vsmdi
	EndProjectSection
EndProject
Project("{FAE04EC0-301F-11D3-BF4B-00C04F79EFBC}") = "MultipleHash2005", "MultipleHash2005\MultipleHash2005.csproj", "{A743A0A8-198F-4371-B194-642B98FEB081}"
EndProject
Project("{FAE04EC0-301F-11D3-BF4B-00C04F79EFBC}") = "MultipleHash2008", "MultipleHash2008\MultipleHash2008.csproj", "{91357D4A-5718-44B2-B558-5EB7BA1209D0}"
EndProject
Project("{FAE04EC0-301F-11D3-BF4B-00C04F79EFBC}") = "MultipleHash2008Test", "MultipleHash2008Test\MultipleHash2008Test.csproj", "{BA117407-08B1-494E-928D-15D4C826D44A}"
EndProject
Project("{FAE04EC0-301F-11D3-BF4B-00C04F79EFBC}") = "MultipleHash2012", "MultipleHash2012\MultipleHash2012.csproj", "{F6B36D24-DB6D-4B97-A626-FD8FB30D8C29}"
EndProject
Project("{159641D6-6404-4A2A-AE62-294DE0FE8301}") = "SSIS2012TestMultipleHash", "SSIS2012TestMultipleHash\SSIS2012TestMultipleHash.dtproj", "{B26EE44B-4528-43C3-9E40-407D94DB4EE5}"
EndProject
Project("{930C7802-8A8C-48F9-8165-68863BCCD9DD}") = "MultipleHashInstallerx64", "MultipleHashInstallerx64\MultipleHashInstallerx64.wixproj", "{DB44C2DC-B971-457B-B133-D189A6A9DE2F}"
EndProject
Project("{930C7802-8A8C-48F9-8165-68863BCCD9DD}") = "MultipleHashInstallerx32", "MultipleHashInstallerx32\MultipleHashInstallerx32.wixproj", "{E267DF72-54B3-45B0-AF08-00DBB749C5E7}"
EndProject
Project("{FAE04EC0-301F-11D3-BF4B-00C04F79EFBC}") = "MultipleHash2012Test", "MultipleHash2012Test\MultipleHash2012Test.csproj", "{07AF96F5-2C35-40AA-AC63-1295756DC3AB}"
EndProject
Project("{FAE04EC0-301F-11D3-BF4B-00C04F79EFBC}") = "MultipleHash2014", "MultipleHash2014\MultipleHash2014.csproj", "{718F92DF-9DB3-4D2F-AF88-7F7579F0A82D}"
EndProject
Project("{FAE04EC0-301F-11D3-BF4B-00C04F79EFBC}") = "MultipleHash2016", "MultipleHash2016\MultipleHash2016.csproj", "{A68C0A66-357A-4650-B2BB-F52C50E0F743}"
EndProject
Global
	GlobalSection(TeamFoundationVersionControl) = preSolution
		SccNumberOfProjects = 11
		SccEnterpriseProvider = {4CA58AB2-18FA-4F8D-95D4-32DDF27D184C}
		SccTeamFoundationServer = https://tfs.codeplex.com/tfs/tfs07
		SccLocalPath0 = .
		SccProjectUniqueName1 = MultipleHash2005\\MultipleHash2005.csproj
		SccProjectName1 = MultipleHash2005
		SccLocalPath1 = MultipleHash2005
		SccProjectUniqueName2 = MultipleHash2008\\MultipleHash2008.csproj
		SccProjectName2 = MultipleHash2008
		SccLocalPath2 = MultipleHash2008
		SccProjectUniqueName3 = MultipleHash2008Test\\MultipleHash2008Test.csproj
		SccProjectName3 = MultipleHash2008Test
		SccLocalPath3 = MultipleHash2008Test
		SccProjectUniqueName4 = MultipleHash2012\\MultipleHash2012.csproj
		SccProjectName4 = MultipleHash2012
		SccLocalPath4 = MultipleHash2012
		SccProjectUniqueName5 = SSIS2012TestMultipleHash\\SSIS2012TestMultipleHash.dtproj
		SccProjectName5 = SSIS2012TestMultipleHash
		SccLocalPath5 = SSIS2012TestMultipleHash
		SccProjectUniqueName6 = MultipleHashInstallerx64\\MultipleHashInstallerx64.wixproj
		SccProjectName6 = MultipleHashInstallerx64
		SccLocalPath6 = MultipleHashInstallerx64
		SccProjectUniqueName7 = MultipleHashInstallerx32\\MultipleHashInstallerx32.wixproj
		SccProjectName7 = MultipleHashInstallerx32
		SccLocalPath7 = MultipleHashInstallerx32
		SccProjectUniqueName8 = MultipleHash2012Test\\MultipleHash2012Test.csproj
		SccProjectName8 = MultipleHash2012Test
		SccLocalPath8 = MultipleHash2012Test
		SccProjectUniqueName9 = MultipleHash2014\\MultipleHash2014.csproj
		SccProjectName9 = MultipleHash2014
		SccLocalPath9 = MultipleHash2014
		SccProjectUniqueName10 = MultipleHash2016\\MultipleHash2016.csproj
		SccProjectName10 = MultipleHash2016
		SccLocalPath10 = MultipleHash2016
	EndGlobalSection
	GlobalSection(SolutionConfigurationPlatforms) = preSolution
		Debug|Any CPU = Debug|Any CPU
		Debug|Mixed Platforms = Debug|Mixed Platforms
		Debug|x86 = Debug|x86
		Development|Any CPU = Development|Any CPU
		Development|Mixed Platforms = Development|Mixed Platforms
		Development|x86 = Development|x86
		Release|Any CPU = Release|Any CPU
		Release|Mixed Platforms = Release|Mixed Platforms
		Release|x86 = Release|x86
		UnitTest|Any CPU = UnitTest|Any CPU
		UnitTest|Mixed Platforms = UnitTest|Mixed Platforms
		UnitTest|x86 = UnitTest|x86
	EndGlobalSection
	GlobalSection(ProjectConfigurationPlatforms) = postSolution
		{A743A0A8-198F-4371-B194-642B98FEB081}.Debug|Any CPU.ActiveCfg = Debug|Any CPU
		{A743A0A8-198F-4371-B194-642B98FEB081}.Debug|Any CPU.Build.0 = Debug|Any CPU
		{A743A0A8-198F-4371-B194-642B98FEB081}.Debug|Mixed Platforms.ActiveCfg = Debug|Any CPU
		{A743A0A8-198F-4371-B194-642B98FEB081}.Debug|Mixed Platforms.Build.0 = Debug|Any CPU
		{A743A0A8-198F-4371-B194-642B98FEB081}.Debug|x86.ActiveCfg = Debug|Any CPU
		{A743A0A8-198F-4371-B194-642B98FEB081}.Development|Any CPU.ActiveCfg = Debug|Any CPU
		{A743A0A8-198F-4371-B194-642B98FEB081}.Development|Any CPU.Build.0 = Debug|Any CPU
		{A743A0A8-198F-4371-B194-642B98FEB081}.Development|Mixed Platforms.ActiveCfg = Debug|Any CPU
		{A743A0A8-198F-4371-B194-642B98FEB081}.Development|Mixed Platforms.Build.0 = Debug|Any CPU
		{A743A0A8-198F-4371-B194-642B98FEB081}.Development|x86.ActiveCfg = Debug|Any CPU
		{A743A0A8-198F-4371-B194-642B98FEB081}.Release|Any CPU.ActiveCfg = Release|Any CPU
		{A743A0A8-198F-4371-B194-642B98FEB081}.Release|Any CPU.Build.0 = Release|Any CPU
		{A743A0A8-198F-4371-B194-642B98FEB081}.Release|Mixed Platforms.ActiveCfg = Release|Any CPU
		{A743A0A8-198F-4371-B194-642B98FEB081}.Release|Mixed Platforms.Build.0 = Release|Any CPU
		{A743A0A8-198F-4371-B194-642B98FEB081}.Release|x86.ActiveCfg = Release|Any CPU
		{A743A0A8-198F-4371-B194-642B98FEB081}.UnitTest|Any CPU.ActiveCfg = UnitTest|Any CPU
		{A743A0A8-198F-4371-B194-642B98FEB081}.UnitTest|Mixed Platforms.ActiveCfg = UnitTest|Any CPU
		{A743A0A8-198F-4371-B194-642B98FEB081}.UnitTest|Mixed Platforms.Build.0 = UnitTest|Any CPU
		{A743A0A8-198F-4371-B194-642B98FEB081}.UnitTest|x86.ActiveCfg = UnitTest|Any CPU
		{91357D4A-5718-44B2-B558-5EB7BA1209D0}.Debug|Any CPU.ActiveCfg = Debug|Any CPU
		{91357D4A-5718-44B2-B558-5EB7BA1209D0}.Debug|Any CPU.Build.0 = Debug|Any CPU
		{91357D4A-5718-44B2-B558-5EB7BA1209D0}.Debug|Mixed Platforms.ActiveCfg = Debug|Any CPU
		{91357D4A-5718-44B2-B558-5EB7BA1209D0}.Debug|Mixed Platforms.Build.0 = Debug|Any CPU
		{91357D4A-5718-44B2-B558-5EB7BA1209D0}.Debug|x86.ActiveCfg = Debug|Any CPU
		{91357D4A-5718-44B2-B558-5EB7BA1209D0}.Development|Any CPU.ActiveCfg = Debug|Any CPU
		{91357D4A-5718-44B2-B558-5EB7BA1209D0}.Development|Any CPU.Build.0 = Debug|Any CPU
		{91357D4A-5718-44B2-B558-5EB7BA1209D0}.Development|Mixed Platforms.ActiveCfg = Debug|Any CPU
		{91357D4A-5718-44B2-B558-5EB7BA1209D0}.Development|Mixed Platforms.Build.0 = Debug|Any CPU
		{91357D4A-5718-44B2-B558-5EB7BA1209D0}.Development|x86.ActiveCfg = Debug|Any CPU
		{91357D4A-5718-44B2-B558-5EB7BA1209D0}.Release|Any CPU.ActiveCfg = Release|Any CPU
		{91357D4A-5718-44B2-B558-5EB7BA1209D0}.Release|Any CPU.Build.0 = Release|Any CPU
		{91357D4A-5718-44B2-B558-5EB7BA1209D0}.Release|Mixed Platforms.ActiveCfg = Release|Any CPU
		{91357D4A-5718-44B2-B558-5EB7BA1209D0}.Release|Mixed Platforms.Build.0 = Release|Any CPU
		{91357D4A-5718-44B2-B558-5EB7BA1209D0}.Release|x86.ActiveCfg = Release|Any CPU
		{91357D4A-5718-44B2-B558-5EB7BA1209D0}.UnitTest|Any CPU.ActiveCfg = UnitTest|Any CPU
		{91357D4A-5718-44B2-B558-5EB7BA1209D0}.UnitTest|Any CPU.Build.0 = UnitTest|Any CPU
		{91357D4A-5718-44B2-B558-5EB7BA1209D0}.UnitTest|Mixed Platforms.ActiveCfg = UnitTest|Any CPU
		{91357D4A-5718-44B2-B558-5EB7BA1209D0}.UnitTest|Mixed Platforms.Build.0 = UnitTest|Any CPU
		{91357D4A-5718-44B2-B558-5EB7BA1209D0}.UnitTest|x86.ActiveCfg = UnitTest|Any CPU
		{BA117407-08B1-494E-928D-15D4C826D44A}.Debug|Any CPU.ActiveCfg = Debug|Any CPU
		{BA117407-08B1-494E-928D-15D4C826D44A}.Debug|Any CPU.Build.0 = Debug|Any CPU
		{BA117407-08B1-494E-928D-15D4C826D44A}.Debug|Mixed Platforms.ActiveCfg = Debug|Any CPU
		{BA117407-08B1-494E-928D-15D4C826D44A}.Debug|Mixed Platforms.Build.0 = Debug|Any CPU
		{BA117407-08B1-494E-928D-15D4C826D44A}.Debug|x86.ActiveCfg = Debug|Any CPU
		{BA117407-08B1-494E-928D-15D4C826D44A}.Development|Any CPU.ActiveCfg = Debug|Any CPU
		{BA117407-08B1-494E-928D-15D4C826D44A}.Development|Any CPU.Build.0 = Debug|Any CPU
		{BA117407-08B1-494E-928D-15D4C826D44A}.Development|Mixed Platforms.ActiveCfg = Debug|Any CPU
		{BA117407-08B1-494E-928D-15D4C826D44A}.Development|Mixed Platforms.Build.0 = Debug|Any CPU
		{BA117407-08B1-494E-928D-15D4C826D44A}.Development|x86.ActiveCfg = Debug|Any CPU
		{BA117407-08B1-494E-928D-15D4C826D44A}.Release|Any CPU.ActiveCfg = Release|Any CPU
		{BA117407-08B1-494E-928D-15D4C826D44A}.Release|Mixed Platforms.ActiveCfg = Release|Any CPU
		{BA117407-08B1-494E-928D-15D4C826D44A}.Release|x86.ActiveCfg = Release|Any CPU
		{BA117407-08B1-494E-928D-15D4C826D44A}.UnitTest|Any CPU.ActiveCfg = UnitTest|Any CPU
		{BA117407-08B1-494E-928D-15D4C826D44A}.UnitTest|Any CPU.Build.0 = UnitTest|Any CPU
		{BA117407-08B1-494E-928D-15D4C826D44A}.UnitTest|Mixed Platforms.ActiveCfg = UnitTest|Any CPU
		{BA117407-08B1-494E-928D-15D4C826D44A}.UnitTest|Mixed Platforms.Build.0 = UnitTest|Any CPU
		{BA117407-08B1-494E-928D-15D4C826D44A}.UnitTest|x86.ActiveCfg = UnitTest|Any CPU
		{F6B36D24-DB6D-4B97-A626-FD8FB30D8C29}.Debug|Any CPU.ActiveCfg = Debug|Any CPU
		{F6B36D24-DB6D-4B97-A626-FD8FB30D8C29}.Debug|Any CPU.Build.0 = Debug|Any CPU
		{F6B36D24-DB6D-4B97-A626-FD8FB30D8C29}.Debug|Mixed Platforms.ActiveCfg = Debug|Any CPU
		{F6B36D24-DB6D-4B97-A626-FD8FB30D8C29}.Debug|Mixed Platforms.Build.0 = Debug|Any CPU
		{F6B36D24-DB6D-4B97-A626-FD8FB30D8C29}.Debug|x86.ActiveCfg = Debug|Any CPU
		{F6B36D24-DB6D-4B97-A626-FD8FB30D8C29}.Development|Any CPU.ActiveCfg = Debug|Any CPU
		{F6B36D24-DB6D-4B97-A626-FD8FB30D8C29}.Development|Any CPU.Build.0 = Debug|Any CPU
		{F6B36D24-DB6D-4B97-A626-FD8FB30D8C29}.Development|Mixed Platforms.ActiveCfg = Debug|Any CPU
		{F6B36D24-DB6D-4B97-A626-FD8FB30D8C29}.Development|Mixed Platforms.Build.0 = Debug|Any CPU
		{F6B36D24-DB6D-4B97-A626-FD8FB30D8C29}.Development|x86.ActiveCfg = Debug|Any CPU
		{F6B36D24-DB6D-4B97-A626-FD8FB30D8C29}.Release|Any CPU.ActiveCfg = Release|Any CPU
		{F6B36D24-DB6D-4B97-A626-FD8FB30D8C29}.Release|Any CPU.Build.0 = Release|Any CPU
		{F6B36D24-DB6D-4B97-A626-FD8FB30D8C29}.Release|Mixed Platforms.ActiveCfg = Release|Any CPU
		{F6B36D24-DB6D-4B97-A626-FD8FB30D8C29}.Release|Mixed Platforms.Build.0 = Release|Any CPU
		{F6B36D24-DB6D-4B97-A626-FD8FB30D8C29}.Release|x86.ActiveCfg = Release|Any CPU
		{F6B36D24-DB6D-4B97-A626-FD8FB30D8C29}.UnitTest|Any CPU.ActiveCfg = UnitTest|Any CPU
		{F6B36D24-DB6D-4B97-A626-FD8FB30D8C29}.UnitTest|Mixed Platforms.ActiveCfg = UnitTest|Any CPU
		{F6B36D24-DB6D-4B97-A626-FD8FB30D8C29}.UnitTest|Mixed Platforms.Build.0 = UnitTest|Any CPU
		{F6B36D24-DB6D-4B97-A626-FD8FB30D8C29}.UnitTest|x86.ActiveCfg = UnitTest|Any CPU
		{B26EE44B-4528-43C3-9E40-407D94DB4EE5}.Debug|Any CPU.ActiveCfg = Development
		{B26EE44B-4528-43C3-9E40-407D94DB4EE5}.Debug|Any CPU.Build.0 = Development
		{B26EE44B-4528-43C3-9E40-407D94DB4EE5}.Debug|Mixed Platforms.ActiveCfg = Development
		{B26EE44B-4528-43C3-9E40-407D94DB4EE5}.Debug|x86.ActiveCfg = Development
		{B26EE44B-4528-43C3-9E40-407D94DB4EE5}.Development|Any CPU.ActiveCfg = Development
		{B26EE44B-4528-43C3-9E40-407D94DB4EE5}.Development|Any CPU.Build.0 = Development
		{B26EE44B-4528-43C3-9E40-407D94DB4EE5}.Development|Mixed Platforms.ActiveCfg = Development
		{B26EE44B-4528-43C3-9E40-407D94DB4EE5}.Development|x86.ActiveCfg = Development
		{B26EE44B-4528-43C3-9E40-407D94DB4EE5}.Release|Any CPU.ActiveCfg = Development
		{B26EE44B-4528-43C3-9E40-407D94DB4EE5}.Release|Any CPU.Build.0 = Development
		{B26EE44B-4528-43C3-9E40-407D94DB4EE5}.Release|Mixed Platforms.ActiveCfg = UnitTest
		{B26EE44B-4528-43C3-9E40-407D94DB4EE5}.Release|x86.ActiveCfg = UnitTest
		{B26EE44B-4528-43C3-9E40-407D94DB4EE5}.UnitTest|Any CPU.ActiveCfg = UnitTest
		{B26EE44B-4528-43C3-9E40-407D94DB4EE5}.UnitTest|Mixed Platforms.ActiveCfg = UnitTest
		{B26EE44B-4528-43C3-9E40-407D94DB4EE5}.UnitTest|x86.ActiveCfg = UnitTest
		{DB44C2DC-B971-457B-B133-D189A6A9DE2F}.Debug|Any CPU.ActiveCfg = Debug|x86
		{DB44C2DC-B971-457B-B133-D189A6A9DE2F}.Debug|Mixed Platforms.ActiveCfg = Debug|x86
		{DB44C2DC-B971-457B-B133-D189A6A9DE2F}.Debug|Mixed Platforms.Build.0 = Debug|x86
		{DB44C2DC-B971-457B-B133-D189A6A9DE2F}.Debug|x86.ActiveCfg = Debug|x86
		{DB44C2DC-B971-457B-B133-D189A6A9DE2F}.Debug|x86.Build.0 = Debug|x86
		{DB44C2DC-B971-457B-B133-D189A6A9DE2F}.Development|Any CPU.ActiveCfg = Debug|x86
		{DB44C2DC-B971-457B-B133-D189A6A9DE2F}.Development|Mixed Platforms.ActiveCfg = Debug|x86
		{DB44C2DC-B971-457B-B133-D189A6A9DE2F}.Development|Mixed Platforms.Build.0 = Debug|x86
		{DB44C2DC-B971-457B-B133-D189A6A9DE2F}.Development|x86.ActiveCfg = Debug|x86
		{DB44C2DC-B971-457B-B133-D189A6A9DE2F}.Development|x86.Build.0 = Debug|x86
		{DB44C2DC-B971-457B-B133-D189A6A9DE2F}.Release|Any CPU.ActiveCfg = Release|x86
		{DB44C2DC-B971-457B-B133-D189A6A9DE2F}.Release|Mixed Platforms.ActiveCfg = Release|x86
		{DB44C2DC-B971-457B-B133-D189A6A9DE2F}.Release|Mixed Platforms.Build.0 = Release|x86
		{DB44C2DC-B971-457B-B133-D189A6A9DE2F}.Release|x86.ActiveCfg = Release|x86
		{DB44C2DC-B971-457B-B133-D189A6A9DE2F}.Release|x86.Build.0 = Release|x86
		{DB44C2DC-B971-457B-B133-D189A6A9DE2F}.UnitTest|Any CPU.ActiveCfg = Release|x86
		{DB44C2DC-B971-457B-B133-D189A6A9DE2F}.UnitTest|Mixed Platforms.ActiveCfg = Release|x86
		{DB44C2DC-B971-457B-B133-D189A6A9DE2F}.UnitTest|Mixed Platforms.Build.0 = Release|x86
		{DB44C2DC-B971-457B-B133-D189A6A9DE2F}.UnitTest|x86.ActiveCfg = Release|x86
		{DB44C2DC-B971-457B-B133-D189A6A9DE2F}.UnitTest|x86.Build.0 = Release|x86
		{E267DF72-54B3-45B0-AF08-00DBB749C5E7}.Debug|Any CPU.ActiveCfg = Debug|x86
		{E267DF72-54B3-45B0-AF08-00DBB749C5E7}.Debug|Mixed Platforms.ActiveCfg = Debug|x86
		{E267DF72-54B3-45B0-AF08-00DBB749C5E7}.Debug|Mixed Platforms.Build.0 = Debug|x86
		{E267DF72-54B3-45B0-AF08-00DBB749C5E7}.Debug|x86.ActiveCfg = Debug|x86
		{E267DF72-54B3-45B0-AF08-00DBB749C5E7}.Debug|x86.Build.0 = Debug|x86
		{E267DF72-54B3-45B0-AF08-00DBB749C5E7}.Development|Any CPU.ActiveCfg = Debug|x86
		{E267DF72-54B3-45B0-AF08-00DBB749C5E7}.Development|Mixed Platforms.ActiveCfg = Debug|x86
		{E267DF72-54B3-45B0-AF08-00DBB749C5E7}.Development|Mixed Platforms.Build.0 = Debug|x86
		{E267DF72-54B3-45B0-AF08-00DBB749C5E7}.Development|x86.ActiveCfg = Debug|x86
		{E267DF72-54B3-45B0-AF08-00DBB749C5E7}.Development|x86.Build.0 = Debug|x86
		{E267DF72-54B3-45B0-AF08-00DBB749C5E7}.Release|Any CPU.ActiveCfg = Release|x86
		{E267DF72-54B3-45B0-AF08-00DBB749C5E7}.Release|Mixed Platforms.ActiveCfg = Release|x86
		{E267DF72-54B3-45B0-AF08-00DBB749C5E7}.Release|Mixed Platforms.Build.0 = Release|x86
		{E267DF72-54B3-45B0-AF08-00DBB749C5E7}.Release|x86.ActiveCfg = Release|x86
		{E267DF72-54B3-45B0-AF08-00DBB749C5E7}.Release|x86.Build.0 = Release|x86
		{E267DF72-54B3-45B0-AF08-00DBB749C5E7}.UnitTest|Any CPU.ActiveCfg = Release|x86
		{E267DF72-54B3-45B0-AF08-00DBB749C5E7}.UnitTest|Mixed Platforms.ActiveCfg = Release|x86
		{E267DF72-54B3-45B0-AF08-00DBB749C5E7}.UnitTest|Mixed Platforms.Build.0 = Release|x86
		{E267DF72-54B3-45B0-AF08-00DBB749C5E7}.UnitTest|x86.ActiveCfg = Release|x86
		{E267DF72-54B3-45B0-AF08-00DBB749C5E7}.UnitTest|x86.Build.0 = Release|x86
		{07AF96F5-2C35-40AA-AC63-1295756DC3AB}.Debug|Any CPU.ActiveCfg = Debug|Any CPU
		{07AF96F5-2C35-40AA-AC63-1295756DC3AB}.Debug|Any CPU.Build.0 = Debug|Any CPU
		{07AF96F5-2C35-40AA-AC63-1295756DC3AB}.Debug|Mixed Platforms.ActiveCfg = Debug|Any CPU
		{07AF96F5-2C35-40AA-AC63-1295756DC3AB}.Debug|Mixed Platforms.Build.0 = Debug|Any CPU
		{07AF96F5-2C35-40AA-AC63-1295756DC3AB}.Debug|x86.ActiveCfg = Debug|Any CPU
		{07AF96F5-2C35-40AA-AC63-1295756DC3AB}.Development|Any CPU.ActiveCfg = Debug|Any CPU
		{07AF96F5-2C35-40AA-AC63-1295756DC3AB}.Development|Any CPU.Build.0 = Debug|Any CPU
		{07AF96F5-2C35-40AA-AC63-1295756DC3AB}.Development|Mixed Platforms.ActiveCfg = Debug|Any CPU
		{07AF96F5-2C35-40AA-AC63-1295756DC3AB}.Development|Mixed Platforms.Build.0 = Debug|Any CPU
		{07AF96F5-2C35-40AA-AC63-1295756DC3AB}.Development|x86.ActiveCfg = Debug|Any CPU
		{07AF96F5-2C35-40AA-AC63-1295756DC3AB}.Release|Any CPU.ActiveCfg = Release|Any CPU
		{07AF96F5-2C35-40AA-AC63-1295756DC3AB}.Release|Any CPU.Build.0 = Release|Any CPU
		{07AF96F5-2C35-40AA-AC63-1295756DC3AB}.Release|Mixed Platforms.ActiveCfg = Release|Any CPU
		{07AF96F5-2C35-40AA-AC63-1295756DC3AB}.Release|Mixed Platforms.Build.0 = Release|Any CPU
		{07AF96F5-2C35-40AA-AC63-1295756DC3AB}.Release|x86.ActiveCfg = Release|Any CPU
		{07AF96F5-2C35-40AA-AC63-1295756DC3AB}.UnitTest|Any CPU.ActiveCfg = Release|Any CPU
		{07AF96F5-2C35-40AA-AC63-1295756DC3AB}.UnitTest|Any CPU.Build.0 = Release|Any CPU
		{07AF96F5-2C35-40AA-AC63-1295756DC3AB}.UnitTest|Mixed Platforms.ActiveCfg = Release|Any CPU
		{07AF96F5-2C35-40AA-AC63-1295756DC3AB}.UnitTest|Mixed Platforms.Build.0 = Release|Any CPU
		{07AF96F5-2C35-40AA-AC63-1295756DC3AB}.UnitTest|x86.ActiveCfg = Release|Any CPU
		{718F92DF-9DB3-4D2F-AF88-7F7579F0A82D}.Debug|Any CPU.ActiveCfg = Debug|Any CPU
		{718F92DF-9DB3-4D2F-AF88-7F7579F0A82D}.Debug|Any CPU.Build.0 = Debug|Any CPU
		{718F92DF-9DB3-4D2F-AF88-7F7579F0A82D}.Debug|Mixed Platforms.ActiveCfg = Debug|Any CPU
		{718F92DF-9DB3-4D2F-AF88-7F7579F0A82D}.Debug|Mixed Platforms.Build.0 = Debug|Any CPU
		{718F92DF-9DB3-4D2F-AF88-7F7579F0A82D}.Debug|x86.ActiveCfg = Debug|Any CPU
		{718F92DF-9DB3-4D2F-AF88-7F7579F0A82D}.Development|Any CPU.ActiveCfg = Debug|Any CPU
		{718F92DF-9DB3-4D2F-AF88-7F7579F0A82D}.Development|Any CPU.Build.0 = Debug|Any CPU
		{718F92DF-9DB3-4D2F-AF88-7F7579F0A82D}.Development|Mixed Platforms.ActiveCfg = Debug|Any CPU
		{718F92DF-9DB3-4D2F-AF88-7F7579F0A82D}.Development|Mixed Platforms.Build.0 = Debug|Any CPU
		{718F92DF-9DB3-4D2F-AF88-7F7579F0A82D}.Development|x86.ActiveCfg = Debug|Any CPU
		{718F92DF-9DB3-4D2F-AF88-7F7579F0A82D}.Release|Any CPU.ActiveCfg = Release|Any CPU
		{718F92DF-9DB3-4D2F-AF88-7F7579F0A82D}.Release|Any CPU.Build.0 = Release|Any CPU
		{718F92DF-9DB3-4D2F-AF88-7F7579F0A82D}.Release|Mixed Platforms.ActiveCfg = Release|Any CPU
		{718F92DF-9DB3-4D2F-AF88-7F7579F0A82D}.Release|Mixed Platforms.Build.0 = Release|Any CPU
		{718F92DF-9DB3-4D2F-AF88-7F7579F0A82D}.Release|x86.ActiveCfg = Release|Any CPU
		{718F92DF-9DB3-4D2F-AF88-7F7579F0A82D}.UnitTest|Any CPU.ActiveCfg = Release|Any CPU
		{718F92DF-9DB3-4D2F-AF88-7F7579F0A82D}.UnitTest|Any CPU.Build.0 = Release|Any CPU
		{718F92DF-9DB3-4D2F-AF88-7F7579F0A82D}.UnitTest|Mixed Platforms.ActiveCfg = Release|Any CPU
		{718F92DF-9DB3-4D2F-AF88-7F7579F0A82D}.UnitTest|Mixed Platforms.Build.0 = Release|Any CPU
		{718F92DF-9DB3-4D2F-AF88-7F7579F0A82D}.UnitTest|x86.ActiveCfg = Release|Any CPU
		{A68C0A66-357A-4650-B2BB-F52C50E0F743}.Debug|Any CPU.ActiveCfg = Debug|Any CPU
		{A68C0A66-357A-4650-B2BB-F52C50E0F743}.Debug|Any CPU.Build.0 = Debug|Any CPU
		{A68C0A66-357A-4650-B2BB-F52C50E0F743}.Debug|Mixed Platforms.ActiveCfg = Debug|Any CPU
		{A68C0A66-357A-4650-B2BB-F52C50E0F743}.Debug|Mixed Platforms.Build.0 = Debug|Any CPU
		{A68C0A66-357A-4650-B2BB-F52C50E0F743}.Debug|x86.ActiveCfg = Debug|Any CPU
		{A68C0A66-357A-4650-B2BB-F52C50E0F743}.Development|Any CPU.ActiveCfg = Debug|Any CPU
		{A68C0A66-357A-4650-B2BB-F52C50E0F743}.Development|Any CPU.Build.0 = Debug|Any CPU
		{A68C0A66-357A-4650-B2BB-F52C50E0F743}.Development|Mixed Platforms.ActiveCfg = Debug|Any CPU
		{A68C0A66-357A-4650-B2BB-F52C50E0F743}.Development|Mixed Platforms.Build.0 = Debug|Any CPU
		{A68C0A66-357A-4650-B2BB-F52C50E0F743}.Development|x86.ActiveCfg = Debug|Any CPU
		{A68C0A66-357A-4650-B2BB-F52C50E0F743}.Release|Any CPU.ActiveCfg = Release|Any CPU
		{A68C0A66-357A-4650-B2BB-F52C50E0F743}.Release|Any CPU.Build.0 = Release|Any CPU
		{A68C0A66-357A-4650-B2BB-F52C50E0F743}.Release|Mixed Platforms.ActiveCfg = Release|Any CPU
		{A68C0A66-357A-4650-B2BB-F52C50E0F743}.Release|Mixed Platforms.Build.0 = Release|Any CPU
		{A68C0A66-357A-4650-B2BB-F52C50E0F743}.Release|x86.ActiveCfg = Release|Any CPU
		{A68C0A66-357A-4650-B2BB-F52C50E0F743}.UnitTest|Any CPU.ActiveCfg = Release|Any CPU
		{A68C0A66-357A-4650-B2BB-F52C50E0F743}.UnitTest|Any CPU.Build.0 = Release|Any CPU
		{A68C0A66-357A-4650-B2BB-F52C50E0F743}.UnitTest|Mixed Platforms.ActiveCfg = Release|Any CPU
		{A68C0A66-357A-4650-B2BB-F52C50E0F743}.UnitTest|Mixed Platforms.Build.0 = Release|Any CPU
		{A68C0A66-357A-4650-B2BB-F52C50E0F743}.UnitTest|x86.ActiveCfg = Release|Any CPU
	EndGlobalSection
	GlobalSection(SolutionProperties) = preSolution
		HideSolutionNode = FALSE
	EndGlobalSection
	GlobalSection(TestCaseManagementSettings) = postSolution
		CategoryFile = MultipleHash.vsmdi
	EndGlobalSection
EndGlobal
